
Microsoft Visual Studio Solution File, Format Version 12.00
# Visual Studio Version 17
VisualStudioVersion = 17.6.33723.286
MinimumVisualStudioVersion = 10.0.40219.1
Project("{FAE04EC0-301F-11D3-BF4B-00C04F79EFBC}") = "EFDBCodeFirstApproachExample", "EFDBCodeFirstApproachExample\EFDBCodeFirstApproachExample.csproj", "{57C80E33-3B0C-471A-A324-50DDC5D27842}"
EndProject
Global
	GlobalSection(SolutionConfigurationPlatforms) = preSolution
		Debug|Any CPU = Debug|Any CPU
		Release|Any CPU = Release|Any CPU
	EndGlobalSection
	GlobalSection(ProjectConfigurationPlatforms) = postSolution
		{57C80E33-3B0C-471A-A324-50DDC5D27842}.Debug|Any CPU.ActiveCfg = Debug|Any CPU
		{57C80E33-3B0C-471A-A324-50DDC5D27842}.Debug|Any CPU.Build.0 = Debug|Any CPU
		{57C80E33-3B0C-471A-A324-50DDC5D27842}.Release|Any CPU.ActiveCfg = Release|Any CPU
		{57C80E33-3B0C-471A-A324-50DDC5D27842}.Release|Any CPU.Build.0 = Release|Any CPU
	EndGlobalSection
	GlobalSection(SolutionProperties) = preSolution
		HideSolutionNode = FALSE
	EndGlobalSection
	GlobalSection(ExtensibilityGlobals) = postSolution
		SolutionGuid = {F369D2D7-C28E-4955-A8C6-B705F1E33D23}
	EndGlobalSection
EndGlobal
